{
    "_readme": [
        "This file locks the dependencies of your project to a known state",
        "Read more about it at http://getcomposer.org/doc/01-basic-usage.md#composer-lock-the-lock-file"
    ],
    "hash": "3501f486e82a9735daae8278fe530cf6",
    "packages": [
        {
            "name": "2amigos/yiistrap",
            "version": "1.0.1",
            "source": {
                "type": "git",
                "url": "https://github.com/2amigos/yiistrap.git",
                "reference": "1.0.1"
            },
            "dist": {
                "type": "zip",
                "url": "https://api.github.com/repos/2amigos/yiistrap/zipball/1.0.1",
                "reference": "1.0.1",
                "shasum": ""
            },
            "require-dev": {
                "codeception/codeception": "@stable",
                "crisu83/yii-composer": "dev-master",
                "php": ">=5.3.0",
                "yiisoft/yii": "1.1.13"
            },
            "type": "library",
            "extra": {
                "yii-install-writable": [
                    "tests/_log"
                ]
            },
            "notification-url": "https://packagist.org/downloads/",
            "license": [
                "BSD-3-Clause"
            ],
            "authors": [
                {
                    "name": "Christoffer Niska",
                    "email": "christoffer.niska@gmail.com",
                    "homepage": "http://www.cniska.net/"
                },
                {
                    "name": "Antonio Ramirez",
                    "email": "ramirez.cobos@gmail.com",
                    "homepage": "http://www.ramirezcobos.com/"
                }
            ],
            "description": "Twitter Bootstrap for the Yii PHP framework. Own maintained version.",
            "keywords": [
                "bootstrap",
                "yii"
            ],
            "time": "2013-08-04 17:41:54"
        },
        {
            "name": "2amigos/yiiwheels",
            "version": "1.0.3",
            "source": {
                "type": "git",
                "url": "https://github.com/2amigos/yiiwheels.git",
                "reference": "1.0.3"
            },
            "dist": {
                "type": "zip",
                "url": "https://api.github.com/repos/2amigos/yiiwheels/zipball/1.0.3",
                "reference": "1.0.3",
                "shasum": ""
            },
            "require": {
                "2amigos/yiistrap": "1.0.1"
            },
            "require-dev": {
                "php": ">=5.3.0",
                "yiisoft/yii": "1.1.13"
            },
            "type": "yii-extension",
            "license": [
                "BSD-3-Clause"
            ],
            "authors": [
                {
                    "name": "Antonio Ramirez",
                    "email": "ramirez.cobos@gmail.com",
                    "homepage": "http://www.ramirezcobos.com/"
                }
            ],
            "description": "Extension library for Yiistrap, Yii Twitter's Bootstrap.",
            "keywords": [
                "bootstrap",
                "yii"
            ],
            "support": {
                "source": "https://github.com/2amigos/yiiwheels/tree/master",
                "issues": "https://github.com/2amigos/yiiwheels/issues"
            },
            "time": "2013-08-11 16:04:01"
        },
        {
            "name": "illuminate/support",
            "version": "dev-master",
            "target-dir": "Illuminate/Support",
            "source": {
                "type": "git",
                "url": "https://github.com/illuminate/support.git",
                "reference": "48db89ad7bd5f6b384377abc7ad1f96a387eabd9"
            },
            "dist": {
                "type": "zip",
                "url": "https://api.github.com/repos/illuminate/support/zipball/48db89ad7bd5f6b384377abc7ad1f96a387eabd9",
                "reference": "48db89ad7bd5f6b384377abc7ad1f96a387eabd9",
                "shasum": ""
            },
            "require": {
                "php": ">=5.3.0"
            },
            "require-dev": {
                "mockery/mockery": "0.7.2",
                "patchwork/utf8": "1.1.*",
                "phpunit/phpunit": "3.7.*"
            },
            "type": "library",
            "extra": {
                "branch-alias": {
                    "dev-master": "4.2-dev"
                }
            },
            "autoload": {
                "psr-0": {
                    "Illuminate\\Support": ""
                },
                "files": [
                    "Illuminate/Support/helpers.php"
                ]
            },
            "notification-url": "https://packagist.org/downloads/",
            "license": [
                "MIT"
            ],
            "authors": [
                {
                    "name": "Taylor Otwell",
                    "email": "taylorotwell@gmail.com",
                    "homepage": "https://github.com/taylorotwell",
                    "role": "Developer"
                }
            ],
            "time": "2013-12-13 02:49:39"
        },
        {
            "name": "intervention/image",
            "version": "dev-master",
            "source": {
                "type": "git",
                "url": "https://github.com/Intervention/image.git",
                "reference": "ab884ad94b0861bfa43118eff114af8ee7cf4661"
            },
            "dist": {
                "type": "zip",
                "url": "https://api.github.com/repos/Intervention/image/zipball/ab884ad94b0861bfa43118eff114af8ee7cf4661",
                "reference": "ab884ad94b0861bfa43118eff114af8ee7cf4661",
                "shasum": ""
            },
            "require": {
                "ext-gd": "*",
                "illuminate/support": "4.*",
                "php": ">=5.3.0"
            },
            "suggest": {
                "intervention/imagecache": "Caching extension for the Intervention Image library"
            },
            "type": "library",
            "autoload": {
                "psr-0": {
                    "Intervention\\Image": "src/"
                }
            },
            "notification-url": "https://packagist.org/downloads/",
            "license": [
                "MIT"
            ],
            "authors": [
                {
                    "name": "Oliver Vogel",
                    "email": "oliver@olivervogel.net",
                    "homepage": "http://olivervogel.net/"
                }
            ],
            "description": "Image handling and manipulation library with support for Laravel 4 integration",
            "homepage": "http://intervention.olivervogel.net/image/",
            "keywords": [
                "gd",
                "image",
                "laravel",
                "thumbnail",
                "watermark"
            ],
            "time": "2013-12-30 14:38:30"
        },
        {
            "name": "snowplow/referer-parser",
            "version": "dev-master",
            "source": {
                "type": "git",
                "url": "https://github.com/snowplow/referer-parser.git",
                "reference": "eec87b72e8e8ed311a0b6709ccc36335eaae769d"
            },
            "dist": {
                "type": "zip",
                "url": "https://api.github.com/repos/snowplow/referer-parser/zipball/eec87b72e8e8ed311a0b6709ccc36335eaae769d",
                "reference": "eec87b72e8e8ed311a0b6709ccc36335eaae769d",
                "shasum": ""
            },
            "require-dev": {
                "phpunit/phpunit": "3.*",
                "symfony/yaml": "*"
            },
            "suggest": {
                "symfony/yaml": "Support for YAML configuration file"
            },
            "type": "library",
            "autoload": {
                "psr-0": {
                    "Snowplow\\RefererParser": "php/src/"
                }
            },
            "notification-url": "https://packagist.org/downloads/",
            "license": [
                "MIT"
            ],
            "authors": [
                {
                    "name": "Lars Strojny",
                    "email": "lars@strojny.net"
                }
            ],
            "description": "Snowplow Refer(r)er parser for PHP",
            "time": "2014-01-05 12:47:28"
        },
        {
            "name": "yiiext/activerecord-relation-behavior",
            "version": "dev-master",
            "source": {
                "type": "git",
                "url": "https://github.com/yiiext/activerecord-relation-behavior.git",
                "reference": "413accf93c0d9a30f9725a5d185b1b41367a8fb5"
            },
            "dist": {
                "type": "zip",
                "url": "https://api.github.com/repos/yiiext/activerecord-relation-behavior/zipball/413accf93c0d9a30f9725a5d185b1b41367a8fb5",
                "reference": "413accf93c0d9a30f9725a5d185b1b41367a8fb5",
                "shasum": ""
            },
            "require": {
                "php": ">=5.1.0",
                "yiisoft/yii": ">=1.1.6"
            },
            "type": "yii-extension",
            "autoload": {
                "classmap": [
                    "EActiveRecordRelationBehavior.php"
                ]
            },
            "notification-url": "https://packagist.org/downloads/",
            "license": [
                "BSD-3-Clause"
            ],
            "authors": [
                {
                    "name": "Carsten Brandt",
                    "email": "mail@cebe.cc",
                    "homepage": "http://cebe.cc/",
                    "role": "Core framework development"
                }
            ],
            "description": "Inspired by and put together the awesomeness of many yii extensions that aim to improve saving of related records. Comes with 100% test coverage and well structured and clean code so it can savely be used in enterprise production enviroment.",
            "homepage": "https://github.com/yiiext/activerecord-relation-behavior",
            "keywords": [
                "active-record",
                "extension",
                "yii"
            ],
            "time": "2013-10-10 09:45:30"
        },
        {
            "name": "yiisoft/yii",
            "version": "1.1.14",
            "source": {
                "type": "git",
                "url": "https://github.com/yiisoft/yii.git",
                "reference": "f0fee98ee84f70f1f3652f65562c9670e919cb4e"
            },
            "dist": {
                "type": "zip",
                "url": "https://github.com/yiisoft/yii/archive/f0fee98ee84f70f1f3652f65562c9670e919cb4e.zip",
                "reference": null,
                "shasum": null
            },
            "type": "library",
            "description": "Yii PHP Framework",
            "homepage": "https://github.com/yiisoft/yii"
        },
        {
            "name": "zendframework/zend-crypt",
            "version": "dev-master",
            "target-dir": "Zend/Crypt",
            "source": {
                "type": "git",
                "url": "https://github.com/zendframework/Component_ZendCrypt.git",
                "reference": "4ba56cd331b643b81577c3ccfe67ea032ace49b9"
            },
            "dist": {
                "type": "zip",
                "url": "https://api.github.com/repos/zendframework/Component_ZendCrypt/zipball/4ba56cd331b643b81577c3ccfe67ea032ace49b9",
                "reference": "4ba56cd331b643b81577c3ccfe67ea032ace49b9",
                "shasum": ""
            },
            "require": {
                "php": ">=5.3.3",
                "zendframework/zend-math": "self.version",
                "zendframework/zend-servicemanager": "self.version",
                "zendframework/zend-stdlib": "self.version"
            },
            "type": "library",
            "extra": {
                "branch-alias": {
                    "dev-master": "2.2-dev",
                    "dev-develop": "2.3-dev"
                }
            },
            "autoload": {
                "psr-0": {
                    "Zend\\Crypt\\": ""
                }
            },
            "notification-url": "https://packagist.org/downloads/",
            "license": [
                "BSD-3-Clause"
            ],
            "keywords": [
                "crypt",
                "zf2"
            ],
            "time": "2014-01-04 13:00:10"
        },
        {
            "name": "zendframework/zend-loader",
            "version": "dev-master",
            "target-dir": "Zend/Loader",
            "source": {
                "type": "git",
                "url": "https://github.com/zendframework/Component_ZendLoader.git",
                "reference": "57a2c8a8e051c515a927a094e903e002c4f46701"
            },
            "dist": {
                "type": "zip",
                "url": "https://api.github.com/repos/zendframework/Component_ZendLoader/zipball/57a2c8a8e051c515a927a094e903e002c4f46701",
                "reference": "57a2c8a8e051c515a927a094e903e002c4f46701",
                "shasum": ""
            },
            "require": {
                "php": ">=5.3.3"
            },
            "type": "library",
            "extra": {
                "branch-alias": {
                    "dev-master": "2.2-dev",
                    "dev-develop": "2.3-dev"
                }
            },
            "autoload": {
                "psr-0": {
                    "Zend\\Loader\\": ""
                }
            },
            "notification-url": "https://packagist.org/downloads/",
            "license": [
                "BSD-3-Clause"
            ],
            "keywords": [
                "loader",
                "zf2"
            ],
            "time": "2014-01-02 18:00:20"
        },
        {
            "name": "zendframework/zend-mail",
            "version": "dev-master",
            "target-dir": "Zend/Mail",
            "source": {
                "type": "git",
                "url": "https://github.com/zendframework/Component_ZendMail.git",
                "reference": "80c8bccb70bad79b1a4f3f8b42a96bd90f065290"
            },
            "dist": {
                "type": "zip",
                "url": "https://api.github.com/repos/zendframework/Component_ZendMail/zipball/80c8bccb70bad79b1a4f3f8b42a96bd90f065290",
                "reference": "80c8bccb70bad79b1a4f3f8b42a96bd90f065290",
                "shasum": ""
            },
            "require": {
                "php": ">=5.3.3",
                "zendframework/zend-crypt": "self.version",
                "zendframework/zend-loader": "self.version",
                "zendframework/zend-mime": "self.version",
                "zendframework/zend-stdlib": "self.version"
            },
            "suggest": {
                "zendframework/zend-servicemanager": "Zend\\ServiceManager component",
                "zendframework/zend-validator": "Zend\\Validator component"
            },
            "type": "library",
            "extra": {
                "branch-alias": {
                    "dev-master": "2.2-dev",
                    "dev-develop": "2.3-dev"
                }
            },
            "autoload": {
                "psr-0": {
                    "Zend\\Mail\\": ""
                }
            },
            "notification-url": "https://packagist.org/downloads/",
            "license": [
                "BSD-3-Clause"
            ],
            "description": "provides generalized functionality to compose and send both text and MIME-compliant multipart e-mail messages",
            "keywords": [
                "mail",
                "zf2"
            ],
            "time": "2014-01-02 19:00:03"
        },
        {
            "name": "zendframework/zend-math",
            "version": "dev-master",
            "target-dir": "Zend/Math",
            "source": {
                "type": "git",
                "url": "https://github.com/zendframework/Component_ZendMath.git",
                "reference": "a5e703c0bb614c6ad8b8dd75e734900ee7a5413f"
            },
            "dist": {
                "type": "zip",
                "url": "https://api.github.com/repos/zendframework/Component_ZendMath/zipball/a5e703c0bb614c6ad8b8dd75e734900ee7a5413f",
                "reference": "a5e703c0bb614c6ad8b8dd75e734900ee7a5413f",
                "shasum": ""
            },
            "require": {
                "php": ">=5.3.3"
            },
            "suggest": {
                "ext-bcmath": "If using the bcmath functionality",
                "ext-gmp": "If using the gmp functionality",
                "ircmaxell/random-lib": "Fallback random byte generator for Zend\\Math\\Rand if OpenSSL/Mcrypt extensions are unavailable",
                "zendframework/zend-servicemanager": ">= current version, if using the BigInteger::factory functionality"
            },
            "type": "library",
            "extra": {
                "branch-alias": {
                    "dev-master": "2.2-dev",
                    "dev-develop": "2.3-dev"
                }
            },
            "autoload": {
                "psr-0": {
                    "Zend\\Math\\": ""
                }
            },
            "notification-url": "https://packagist.org/downloads/",
            "license": [
                "BSD-3-Clause"
            ],
            "keywords": [
                "math",
                "zf2"
            ],
            "time": "2014-01-03 21:00:07"
        },
        {
            "name": "zendframework/zend-mime",
            "version": "dev-master",
            "target-dir": "Zend/Mime",
            "source": {
                "type": "git",
                "url": "https://github.com/zendframework/Component_ZendMime.git",
                "reference": "61079afe55462342f6b2e9e2714a1865799c0553"
            },
            "dist": {
                "type": "zip",
                "url": "https://api.github.com/repos/zendframework/Component_ZendMime/zipball/61079afe55462342f6b2e9e2714a1865799c0553",
                "reference": "61079afe55462342f6b2e9e2714a1865799c0553",
                "shasum": ""
            },
            "require": {
                "php": ">=5.3.3",
                "zendframework/zend-stdlib": "self.version"
            },
            "type": "library",
            "extra": {
                "branch-alias": {
                    "dev-master": "2.2-dev",
                    "dev-develop": "2.3-dev"
                }
            },
            "autoload": {
                "psr-0": {
                    "Zend\\Mime\\": ""
                }
            },
            "notification-url": "https://packagist.org/downloads/",
            "license": [
                "BSD-3-Clause"
            ],
            "keywords": [
                "mime",
                "zf2"
            ],
            "time": "2014-01-02 18:00:23"
        },
        {
            "name": "zendframework/zend-servicemanager",
            "version": "dev-master",
            "target-dir": "Zend/ServiceManager",
            "source": {
                "type": "git",
                "url": "https://github.com/zendframework/Component_ZendServiceManager.git",
                "reference": "08fd4a8a1ba0ea5a126ace76d2af0c40289884e6"
            },
            "dist": {
                "type": "zip",
                "url": "https://api.github.com/repos/zendframework/Component_ZendServiceManager/zipball/08fd4a8a1ba0ea5a126ace76d2af0c40289884e6",
                "reference": "08fd4a8a1ba0ea5a126ace76d2af0c40289884e6",
                "shasum": ""
            },
            "require": {
                "php": ">=5.3.3"
            },
            "suggest": {
                "zendframework/zend-di": "Zend\\Di component"
            },
            "type": "library",
            "extra": {
                "branch-alias": {
                    "dev-master": "2.2-dev",
                    "dev-develop": "2.3-dev"
                }
            },
            "autoload": {
                "psr-0": {
                    "Zend\\ServiceManager\\": ""
                }
            },
            "notification-url": "https://packagist.org/downloads/",
            "license": [
                "BSD-3-Clause"
            ],
            "keywords": [
                "servicemanager",
                "zf2"
            ],
            "time": "2014-01-04 13:00:26"
        },
        {
            "name": "zendframework/zend-stdlib",
            "version": "dev-master",
            "target-dir": "Zend/Stdlib",
            "source": {
                "type": "git",
                "url": "https://github.com/zendframework/Component_ZendStdlib.git",
                "reference": "e646729f2274f4552b6a92e38d8e458efe08ebc5"
            },
            "dist": {
                "type": "zip",
                "url": "https://api.github.com/repos/zendframework/Component_ZendStdlib/zipball/e646729f2274f4552b6a92e38d8e458efe08ebc5",
                "reference": "e646729f2274f4552b6a92e38d8e458efe08ebc5",
                "shasum": ""
            },
            "require": {
                "php": ">=5.3.3"
            },
            "suggest": {
                "zendframework/zend-eventmanager": "To support aggregate hydrator usage",
                "zendframework/zend-servicemanager": "To support hydrator plugin manager usage"
            },
            "type": "library",
            "extra": {
                "branch-alias": {
                    "dev-master": "2.2-dev",
                    "dev-develop": "2.3-dev"
                }
            },
            "autoload": {
                "psr-0": {
                    "Zend\\Stdlib\\": ""
                }
            },
            "notification-url": "https://packagist.org/downloads/",
            "license": [
                "BSD-3-Clause"
            ],
            "keywords": [
                "stdlib",
                "zf2"
            ],
            "time": "2014-01-04 13:00:28"
        }
    ],
    "packages-dev": [

    ],
    "aliases": [

    ],
    "minimum-stability": "dev",
    "stability-flags": {
        "intervention/image": 20,
        "yiiext/activerecord-relation-behavior": 20,
        "snowplow/referer-parser": 20,
        "zendframework/zend-mail": 20
    },
    "platform": [

    ],
    "platform-dev": [

    ]
}
