{
    "_readme": [
        "This file locks the dependencies of your project to a known state",
        "Read more about it at http://getcomposer.org/doc/01-basic-usage.md#composer-lock-the-lock-file"
    ],
    "hash": "f5e85091a9c991ad2ae57498674334fb",
    "packages": [
        {
            "name": "2amigos/yiistrap",
            "version": "1.0.1",
            "source": {
                "type": "git",
                "url": "https://github.com/2amigos/yiistrap.git",
                "reference": "1.0.1"
            },
            "dist": {
                "type": "zip",
                "url": "https://api.github.com/repos/2amigos/yiistrap/zipball/1.0.1",
                "reference": "1.0.1",
                "shasum": ""
            },
            "require-dev": {
                "codeception/codeception": "@stable",
                "crisu83/yii-composer": "dev-master",
                "php": ">=5.3.0",
                "yiisoft/yii": "1.1.13"
            },
            "type": "library",
            "extra": {
                "yii-install-writable": [
                    "tests/_log"
                ]
            },
            "notification-url": "https://packagist.org/downloads/",
            "license": [
                "BSD-3-Clause"
            ],
            "authors": [
                {
                    "name": "Christoffer Niska",
                    "email": "christoffer.niska@gmail.com",
                    "homepage": "http://www.cniska.net/"
                },
                {
                    "name": "Antonio Ramirez",
                    "email": "ramirez.cobos@gmail.com",
                    "homepage": "http://www.ramirezcobos.com/"
                }
            ],
            "description": "Twitter Bootstrap for the Yii PHP framework. Own maintained version.",
            "keywords": [
                "bootstrap",
                "yii"
            ],
            "time": "2013-08-04 17:41:54"
        },
        {
            "name": "2amigos/yiiwheels",
            "version": "1.0.3",
            "source": {
                "type": "git",
                "url": "https://github.com/2amigos/yiiwheels.git",
                "reference": "1.0.3"
            },
            "dist": {
                "type": "zip",
                "url": "https://api.github.com/repos/2amigos/yiiwheels/zipball/1.0.3",
                "reference": "1.0.3",
                "shasum": ""
            },
            "require": {
                "2amigos/yiistrap": "1.0.1"
            },
            "require-dev": {
                "php": ">=5.3.0",
                "yiisoft/yii": "1.1.13"
            },
            "type": "yii-extension",
            "license": [
                "BSD-3-Clause"
            ],
            "authors": [
                {
                    "name": "Antonio Ramirez",
                    "email": "ramirez.cobos@gmail.com",
                    "homepage": "http://www.ramirezcobos.com/"
                }
            ],
            "description": "Extension library for Yiistrap, Yii Twitter's Bootstrap.",
            "keywords": [
                "bootstrap",
                "yii"
            ],
            "support": {
                "source": "https://github.com/2amigos/yiiwheels/tree/master",
                "issues": "https://github.com/2amigos/yiiwheels/issues"
            },
            "time": "2013-08-11 16:04:01"
        },
        {
            "name": "illuminate/support",
            "version": "dev-master",
            "target-dir": "Illuminate/Support",
            "source": {
                "type": "git",
                "url": "https://github.com/illuminate/support.git",
                "reference": "75118e00362164f54c94325990a78f4b3fd4934e"
            },
            "dist": {
                "type": "zip",
                "url": "https://api.github.com/repos/illuminate/support/zipball/75118e00362164f54c94325990a78f4b3fd4934e",
                "reference": "75118e00362164f54c94325990a78f4b3fd4934e",
                "shasum": ""
            },
            "require": {
                "php": ">=5.3.0"
            },
            "require-dev": {
                "mockery/mockery": "0.7.2",
                "patchwork/utf8": "1.1.*",
                "phpunit/phpunit": "3.7.*"
            },
            "type": "library",
            "extra": {
                "branch-alias": {
                    "dev-master": "4.1-dev"
                }
            },
            "autoload": {
                "psr-0": {
                    "Illuminate\\Support": ""
                },
                "files": [
                    "Illuminate/Support/helpers.php"
                ]
            },
            "notification-url": "https://packagist.org/downloads/",
            "license": [
                "MIT"
            ],
            "authors": [
                {
                    "name": "Taylor Otwell",
                    "email": "taylorotwell@gmail.com",
                    "homepage": "https://github.com/taylorotwell",
                    "role": "Developer"
                }
            ],
            "time": "2013-11-17 17:29:42"
        },
        {
            "name": "intervention/image",
            "version": "dev-master",
            "source": {
                "type": "git",
                "url": "https://github.com/Intervention/image.git",
                "reference": "2bb7380b5c9a62528253ab0b447b324dc0e34ddd"
            },
            "dist": {
                "type": "zip",
                "url": "https://api.github.com/repos/Intervention/image/zipball/2bb7380b5c9a62528253ab0b447b324dc0e34ddd",
                "reference": "2bb7380b5c9a62528253ab0b447b324dc0e34ddd",
                "shasum": ""
            },
            "require": {
                "ext-gd": "*",
                "illuminate/support": "4.*",
                "php": ">=5.3.0"
            },
            "suggest": {
                "intervention/imagecache": "Caching extension for the Intervention Image library"
            },
            "type": "library",
            "autoload": {
                "psr-0": {
                    "Intervention\\Image": "src/"
                }
            },
            "notification-url": "https://packagist.org/downloads/",
            "license": [
                "MIT"
            ],
            "authors": [
                {
                    "name": "Oliver Vogel",
                    "email": "oliver@olivervogel.net",
                    "homepage": "http://olivervogel.net/"
                }
            ],
            "description": "Image handling and manipulation library with support for Laravel 4 integration",
            "homepage": "http://intervention.olivervogel.net/image/",
            "keywords": [
                "gd",
                "image",
                "laravel",
                "thumbnail",
                "watermark"
            ],
            "time": "2013-11-13 14:11:58"
        },
        {
            "name": "snowplow/referer-parser",
            "version": "dev-master",
            "source": {
                "type": "git",
                "url": "https://github.com/snowplow/referer-parser.git",
                "reference": "0cb681e61298bedfcf0ad541c91c1884327940e9"
            },
            "dist": {
                "type": "zip",
                "url": "https://api.github.com/repos/snowplow/referer-parser/zipball/0cb681e61298bedfcf0ad541c91c1884327940e9",
                "reference": "0cb681e61298bedfcf0ad541c91c1884327940e9",
                "shasum": ""
            },
            "require-dev": {
                "phpunit/phpunit": "3.*",
                "symfony/yaml": "*"
            },
            "suggest": {
                "symfony/yaml": "Support for YAML configuration file"
            },
            "type": "library",
            "autoload": {
                "psr-0": {
                    "Snowplow\\RefererParser": "php/src/"
                }
            },
            "notification-url": "https://packagist.org/downloads/",
            "license": [
                "MIT"
            ],
            "authors": [
                {
                    "name": "Lars Strojny",
                    "email": "lars@strojny.net"
                }
            ],
            "description": "Snowplow Refer(r)er parser for PHP",
            "time": "2013-11-11 12:47:57"
        },
        {
            "name": "yiiext/activerecord-relation-behavior",
            "version": "dev-master",
            "source": {
                "type": "git",
                "url": "https://github.com/yiiext/activerecord-relation-behavior.git",
                "reference": "413accf93c0d9a30f9725a5d185b1b41367a8fb5"
            },
            "dist": {
                "type": "zip",
                "url": "https://api.github.com/repos/yiiext/activerecord-relation-behavior/zipball/413accf93c0d9a30f9725a5d185b1b41367a8fb5",
                "reference": "413accf93c0d9a30f9725a5d185b1b41367a8fb5",
                "shasum": ""
            },
            "require": {
                "php": ">=5.1.0",
                "yiisoft/yii": ">=1.1.6"
            },
            "type": "yii-extension",
            "autoload": {
                "classmap": [
                    "EActiveRecordRelationBehavior.php"
                ]
            },
            "notification-url": "https://packagist.org/downloads/",
            "license": [
                "BSD-3-Clause"
            ],
            "authors": [
                {
                    "name": "Carsten Brandt",
                    "email": "mail@cebe.cc",
                    "homepage": "http://cebe.cc/",
                    "role": "Core framework development"
                }
            ],
            "description": "Inspired by and put together the awesomeness of many yii extensions that aim to improve saving of related records. Comes with 100% test coverage and well structured and clean code so it can savely be used in enterprise production enviroment.",
            "homepage": "https://github.com/yiiext/activerecord-relation-behavior",
            "keywords": [
                "active-record",
                "extension",
                "yii"
            ],
            "time": "2013-10-10 09:45:30"
        },
        {
            "name": "yiisoft/yii",
            "version": "1.1.14",
            "source": {
                "type": "git",
                "url": "https://github.com/yiisoft/yii.git",
                "reference": "f0fee98ee84f70f1f3652f65562c9670e919cb4e"
            },
            "dist": {
                "type": "zip",
                "url": "https://github.com/yiisoft/yii/archive/f0fee98ee84f70f1f3652f65562c9670e919cb4e.zip",
                "reference": null,
                "shasum": null
            },
            "type": "library",
            "description": "Yii PHP Framework",
            "homepage": "https://github.com/yiisoft/yii"
        },
        {
            "name": "zendframework/zend-crypt",
            "version": "dev-master",
            "target-dir": "Zend/Crypt",
            "source": {
                "type": "git",
                "url": "https://github.com/zendframework/Component_ZendCrypt.git",
                "reference": "1adad4ca815cda55350c89046c7db41301276062"
            },
            "dist": {
                "type": "zip",
                "url": "https://api.github.com/repos/zendframework/Component_ZendCrypt/zipball/1adad4ca815cda55350c89046c7db41301276062",
                "reference": "1adad4ca815cda55350c89046c7db41301276062",
                "shasum": ""
            },
            "require": {
                "php": ">=5.3.3",
                "zendframework/zend-math": "self.version",
                "zendframework/zend-servicemanager": "self.version",
                "zendframework/zend-stdlib": "self.version"
            },
            "type": "library",
            "extra": {
                "branch-alias": {
                    "dev-master": "2.2-dev",
                    "dev-develop": "2.3-dev"
                }
            },
            "autoload": {
                "psr-0": {
                    "Zend\\Crypt\\": ""
                }
            },
            "notification-url": "https://packagist.org/downloads/",
            "license": [
                "BSD-3-Clause"
            ],
            "keywords": [
                "crypt",
                "zf2"
            ],
            "time": "2013-11-18 16:00:09"
        },
        {
            "name": "zendframework/zend-loader",
            "version": "dev-master",
            "target-dir": "Zend/Loader",
            "source": {
                "type": "git",
                "url": "https://github.com/zendframework/Component_ZendLoader.git",
                "reference": "bf566b25a6f828128bdd8c7794455d8e36874aac"
            },
            "dist": {
                "type": "zip",
                "url": "https://api.github.com/repos/zendframework/Component_ZendLoader/zipball/bf566b25a6f828128bdd8c7794455d8e36874aac",
                "reference": "bf566b25a6f828128bdd8c7794455d8e36874aac",
                "shasum": ""
            },
            "require": {
                "php": ">=5.3.3"
            },
            "type": "library",
            "extra": {
                "branch-alias": {
                    "dev-master": "2.2-dev",
                    "dev-develop": "2.3-dev"
                }
            },
            "autoload": {
                "psr-0": {
                    "Zend\\Loader\\": ""
                }
            },
            "notification-url": "https://packagist.org/downloads/",
            "license": [
                "BSD-3-Clause"
            ],
            "keywords": [
                "loader",
                "zf2"
            ],
            "time": "2013-11-11 16:00:04"
        },
        {
            "name": "zendframework/zend-mail",
            "version": "dev-master",
            "target-dir": "Zend/Mail",
            "source": {
                "type": "git",
                "url": "https://github.com/zendframework/Component_ZendMail.git",
                "reference": "0e7e9586e1ecb057b5c28fdf005e7d8bb1e02d23"
            },
            "dist": {
                "type": "zip",
                "url": "https://api.github.com/repos/zendframework/Component_ZendMail/zipball/0e7e9586e1ecb057b5c28fdf005e7d8bb1e02d23",
                "reference": "0e7e9586e1ecb057b5c28fdf005e7d8bb1e02d23",
                "shasum": ""
            },
            "require": {
                "php": ">=5.3.3",
                "zendframework/zend-crypt": "self.version",
                "zendframework/zend-loader": "self.version",
                "zendframework/zend-mime": "self.version",
                "zendframework/zend-stdlib": "self.version"
            },
            "suggest": {
                "zendframework/zend-servicemanager": "Zend\\ServiceManager component",
                "zendframework/zend-validator": "Zend\\Validator component"
            },
            "type": "library",
            "extra": {
                "branch-alias": {
                    "dev-master": "2.2-dev",
                    "dev-develop": "2.3-dev"
                }
            },
            "autoload": {
                "psr-0": {
                    "Zend\\Mail\\": ""
                }
            },
            "notification-url": "https://packagist.org/downloads/",
            "license": [
                "BSD-3-Clause"
            ],
            "description": "provides generalized functionality to compose and send both text and MIME-compliant multipart e-mail messages",
            "keywords": [
                "mail",
                "zf2"
            ],
            "time": "2013-11-18 16:00:13"
        },
        {
            "name": "zendframework/zend-math",
            "version": "dev-master",
            "target-dir": "Zend/Math",
            "source": {
                "type": "git",
                "url": "https://github.com/zendframework/Component_ZendMath.git",
                "reference": "7cba0957e916b705ba280f31919e6acfa3d983fd"
            },
            "dist": {
                "type": "zip",
                "url": "https://api.github.com/repos/zendframework/Component_ZendMath/zipball/7cba0957e916b705ba280f31919e6acfa3d983fd",
                "reference": "7cba0957e916b705ba280f31919e6acfa3d983fd",
                "shasum": ""
            },
            "require": {
                "php": ">=5.3.3"
            },
            "suggest": {
                "ircmaxell/random-lib": "Fallback random byte generator for Zend\\Math\\Rand if OpenSSL/Mcrypt extensions are unavailable"
            },
            "type": "library",
            "extra": {
                "branch-alias": {
                    "dev-master": "2.2-dev",
                    "dev-develop": "2.3-dev"
                }
            },
            "autoload": {
                "psr-0": {
                    "Zend\\Math\\": ""
                }
            },
            "notification-url": "https://packagist.org/downloads/",
            "license": [
                "BSD-3-Clause"
            ],
            "keywords": [
                "math",
                "zf2"
            ],
            "time": "2013-10-02 08:00:14"
        },
        {
            "name": "zendframework/zend-mime",
            "version": "dev-master",
            "target-dir": "Zend/Mime",
            "source": {
                "type": "git",
                "url": "https://github.com/zendframework/Component_ZendMime.git",
                "reference": "34f88da8dc21bc89fce030c4b7f7b0155f59fb99"
            },
            "dist": {
                "type": "zip",
                "url": "https://api.github.com/repos/zendframework/Component_ZendMime/zipball/34f88da8dc21bc89fce030c4b7f7b0155f59fb99",
                "reference": "34f88da8dc21bc89fce030c4b7f7b0155f59fb99",
                "shasum": ""
            },
            "require": {
                "php": ">=5.3.3",
                "zendframework/zend-stdlib": "self.version"
            },
            "type": "library",
            "extra": {
                "branch-alias": {
                    "dev-master": "2.2-dev",
                    "dev-develop": "2.3-dev"
                }
            },
            "autoload": {
                "psr-0": {
                    "Zend\\Mime\\": ""
                }
            },
            "notification-url": "https://packagist.org/downloads/",
            "license": [
                "BSD-3-Clause"
            ],
            "keywords": [
                "mime",
                "zf2"
            ],
            "time": "2013-08-21 17:07:24"
        },
        {
            "name": "zendframework/zend-servicemanager",
            "version": "dev-master",
            "target-dir": "Zend/ServiceManager",
            "source": {
                "type": "git",
                "url": "https://github.com/zendframework/Component_ZendServiceManager.git",
                "reference": "3d044e26ab2c35b370636933361e41aeb5d96237"
            },
            "dist": {
                "type": "zip",
                "url": "https://api.github.com/repos/zendframework/Component_ZendServiceManager/zipball/3d044e26ab2c35b370636933361e41aeb5d96237",
                "reference": "3d044e26ab2c35b370636933361e41aeb5d96237",
                "shasum": ""
            },
            "require": {
                "php": ">=5.3.3"
            },
            "suggest": {
                "zendframework/zend-di": "Zend\\Di component"
            },
            "type": "library",
            "extra": {
                "branch-alias": {
                    "dev-master": "2.2-dev",
                    "dev-develop": "2.3-dev"
                }
            },
            "autoload": {
                "psr-0": {
                    "Zend\\ServiceManager\\": ""
                }
            },
            "notification-url": "https://packagist.org/downloads/",
            "license": [
                "BSD-3-Clause"
            ],
            "keywords": [
                "servicemanager",
                "zf2"
            ],
            "time": "2013-11-13 15:00:06"
        },
        {
            "name": "zendframework/zend-stdlib",
            "version": "dev-master",
            "target-dir": "Zend/Stdlib",
            "source": {
                "type": "git",
                "url": "https://github.com/zendframework/Component_ZendStdlib.git",
                "reference": "87cf3119fa0e9e2c7f4c01b0b3d092f629c4c874"
            },
            "dist": {
                "type": "zip",
                "url": "https://api.github.com/repos/zendframework/Component_ZendStdlib/zipball/87cf3119fa0e9e2c7f4c01b0b3d092f629c4c874",
                "reference": "87cf3119fa0e9e2c7f4c01b0b3d092f629c4c874",
                "shasum": ""
            },
            "require": {
                "php": ">=5.3.3"
            },
            "suggest": {
                "zendframework/zend-eventmanager": "To support aggregate hydrator usage",
                "zendframework/zend-servicemanager": "To support hydrator plugin manager usage"
            },
            "type": "library",
            "extra": {
                "branch-alias": {
                    "dev-master": "2.2-dev",
                    "dev-develop": "2.3-dev"
                }
            },
            "autoload": {
                "psr-0": {
                    "Zend\\Stdlib\\": ""
                }
            },
            "notification-url": "https://packagist.org/downloads/",
            "license": [
                "BSD-3-Clause"
            ],
            "keywords": [
                "stdlib",
                "zf2"
            ],
            "time": "2013-11-18 16:00:16"
        }
    ],
    "packages-dev": [

    ],
    "aliases": [

    ],
    "minimum-stability": "dev",
    "stability-flags": {
        "intervention/image": 20,
        "yiiext/activerecord-relation-behavior": 20,
        "snowplow/referer-parser": 20,
        "zendframework/zend-mail": 20
    },
    "platform": [

    ],
    "platform-dev": [

    ]
}
